
Microsoft Visual Studio Solution File, Format Version 11.00
# Visual Studio 2010
Project("{FAE04EC0-301F-11D3-BF4B-00C04F79EFBC}") = "OpticalMapping", "OpticalMapping\OpticalMapping.csproj", "{742A002F-C3A4-4758-8084-EAF3852A3A97}"
EndProject
Project("{8BC9CEB8-8B4A-11D0-8D11-00A0C91BC942}") = "OpticalMappingLib", "OpticalMappingLib\OpticalMappingLib.vcxproj", "{837FDBB1-DE48-4D00-B61F-044FACEDB1B7}"
EndProject
Global
	GlobalSection(SolutionConfigurationPlatforms) = preSolution
		Debug|Mixed Platforms = Debug|Mixed Platforms
		Debug|Win32 = Debug|Win32
		Debug|x86 = Debug|x86
		Release|Mixed Platforms = Release|Mixed Platforms
		Release|Win32 = Release|Win32
		Release|x86 = Release|x86
	EndGlobalSection
	GlobalSection(ProjectConfigurationPlatforms) = postSolution
		{742A002F-C3A4-4758-8084-EAF3852A3A97}.Debug|Mixed Platforms.ActiveCfg = Debug|x86
		{742A002F-C3A4-4758-8084-EAF3852A3A97}.Debug|Mixed Platforms.Build.0 = Debug|x86
		{742A002F-C3A4-4758-8084-EAF3852A3A97}.Debug|Win32.ActiveCfg = Debug|x86
		{742A002F-C3A4-4758-8084-EAF3852A3A97}.Debug|x86.ActiveCfg = Debug|x86
		{742A002F-C3A4-4758-8084-EAF3852A3A97}.Debug|x86.Build.0 = Debug|x86
		{742A002F-C3A4-4758-8084-EAF3852A3A97}.Release|Mixed Platforms.ActiveCfg = Release|x86
		{742A002F-C3A4-4758-8084-EAF3852A3A97}.Release|Mixed Platforms.Build.0 = Release|x86
		{742A002F-C3A4-4758-8084-EAF3852A3A97}.Release|Win32.ActiveCfg = Release|x86
		{742A002F-C3A4-4758-8084-EAF3852A3A97}.Release|x86.ActiveCfg = Release|x86
		{742A002F-C3A4-4758-8084-EAF3852A3A97}.Release|x86.Build.0 = Release|x86
		{837FDBB1-DE48-4D00-B61F-044FACEDB1B7}.Debug|Mixed Platforms.ActiveCfg = Debug|Win32
		{837FDBB1-DE48-4D00-B61F-044FACEDB1B7}.Debug|Mixed Platforms.Build.0 = Debug|Win32
		{837FDBB1-DE48-4D00-B61F-044FACEDB1B7}.Debug|Win32.ActiveCfg = Debug|Win32
		{837FDBB1-DE48-4D00-B61F-044FACEDB1B7}.Debug|Win32.Build.0 = Debug|Win32
		{837FDBB1-DE48-4D00-B61F-044FACEDB1B7}.Debug|x86.ActiveCfg = Debug|Win32
		{837FDBB1-DE48-4D00-B61F-044FACEDB1B7}.Release|Mixed Platforms.ActiveCfg = Release|Win32
		{837FDBB1-DE48-4D00-B61F-044FACEDB1B7}.Release|Mixed Platforms.Build.0 = Release|Win32
		{837FDBB1-DE48-4D00-B61F-044FACEDB1B7}.Release|Win32.ActiveCfg = Release|Win32
		{837FDBB1-DE48-4D00-B61F-044FACEDB1B7}.Release|Win32.Build.0 = Release|Win32
		{837FDBB1-DE48-4D00-B61F-044FACEDB1B7}.Release|x86.ActiveCfg = Release|Win32
	EndGlobalSection
	GlobalSection(SolutionProperties) = preSolution
		HideSolutionNode = FALSE
	EndGlobalSection
EndGlobal
